// !$*UTF8*$!
{
	archiveVersion = 1;
	classes = {
	};
	objectVersion = 46;
	objects = {

/* Begin PBXBuildFile section */
		609800D818621B78005BDBE3 /* Foundation.framework in Frameworks */ = {isa = PBXBuildFile; fileRef = 609800D718621B78005BDBE3 /* Foundation.framework */; };
		609800DA18621B78005BDBE3 /* CoreGraphics.framework in Frameworks */ = {isa = PBXBuildFile; fileRef = 609800D918621B78005BDBE3 /* CoreGraphics.framework */; };
		609800DC18621B79005BDBE3 /* UIKit.framework in Frameworks */ = {isa = PBXBuildFile; fileRef = 609800DB18621B79005BDBE3 /* UIKit.framework */; };
		609800E218621B79005BDBE3 /* InfoPlist.strings in Resources */ = {isa = PBXBuildFile; fileRef = 609800E018621B79005BDBE3 /* InfoPlist.strings */; };
		609800E418621B79005BDBE3 /* main.m in Sources */ = {isa = PBXBuildFile; fileRef = 609800E318621B79005BDBE3 /* main.m */; };
		609800E818621B79005BDBE3 /* ADAppDelegate.m in Sources */ = {isa = PBXBuildFile; fileRef = 609800E718621B79005BDBE3 /* ADAppDelegate.m */; };
		609800EA18621B79005BDBE3 /* Images.xcassets in Resources */ = {isa = PBXBuildFile; fileRef = 609800E918621B79005BDBE3 /* Images.xcassets */; };
		609800F118621B79005BDBE3 /* XCTest.framework in Frameworks */ = {isa = PBXBuildFile; fileRef = 609800F018621B79005BDBE3 /* XCTest.framework */; };
		609800F218621B79005BDBE3 /* Foundation.framework in Frameworks */ = {isa = PBXBuildFile; fileRef = 609800D718621B78005BDBE3 /* Foundation.framework */; };
		609800F318621B79005BDBE3 /* UIKit.framework in Frameworks */ = {isa = PBXBuildFile; fileRef = 609800DB18621B79005BDBE3 /* UIKit.framework */; };
		609800FB18621B79005BDBE3 /* InfoPlist.strings in Resources */ = {isa = PBXBuildFile; fileRef = 609800F918621B79005BDBE3 /* InfoPlist.strings */; };
		609800FD18621B79005BDBE3 /* Lesson10_HWTests.m in Sources */ = {isa = PBXBuildFile; fileRef = 609800FC18621B79005BDBE3 /* Lesson10_HWTests.m */; };
		6098010818621BA7005BDBE3 /* ADDoctor.m in Sources */ = {isa = PBXBuildFile; fileRef = 6098010718621BA7005BDBE3 /* ADDoctor.m */; };
		6098010B18621BCA005BDBE3 /* ADBusinessman.m in Sources */ = {isa = PBXBuildFile; fileRef = 6098010A18621BCA005BDBE3 /* ADBusinessman.m */; };
		6098010E18621BE2005BDBE3 /* ADPensioner.m in Sources */ = {isa = PBXBuildFile; fileRef = 6098010D18621BE2005BDBE3 /* ADPensioner.m */; };
		6098011118621BF6005BDBE3 /* ADGovernment.m in Sources */ = {isa = PBXBuildFile; fileRef = 6098011018621BF6005BDBE3 /* ADGovernment.m */; };
		6098011418623E50005BDBE3 /* ADFakeDelegate.m in Sources */ = {isa = PBXBuildFile; fileRef = 6098011318623E50005BDBE3 /* ADFakeDelegate.m */; };
		6098011718624287005BDBE3 /* ADFakeAppDelegate.m in Sources */ = {isa = PBXBuildFile; fileRef = 6098011618624287005BDBE3 /* ADFakeAppDelegate.m */; };
/* End PBXBuildFile section */

/* Begin PBXContainerItemProxy section */
		609800F418621B79005BDBE3 /* PBXContainerItemProxy */ = {
			isa = PBXContainerItemProxy;
			containerPortal = 609800CC18621B78005BDBE3 /* Project object */;
			proxyType = 1;
			remoteGlobalIDString = 609800D318621B78005BDBE3;
			remoteInfo = Lesson10_HW;
		};
/* End PBXContainerItemProxy section */

/* Begin PBXFileReference section */
		609800D418621B78005BDBE3 /* Lesson10_HW.app */ = {isa = PBXFileReference; explicitFileType = wrapper.application; includeInIndex = 0; path = Lesson10_HW.app; sourceTree = BUILT_PRODUCTS_DIR; };
		609800D718621B78005BDBE3 /* Foundation.framework */ = {isa = PBXFileReference; lastKnownFileType = wrapper.framework; name = Foundation.framework; path = System/Library/Frameworks/Foundation.framework; sourceTree = SDKROOT; };
		609800D918621B78005BDBE3 /* CoreGraphics.framework */ = {isa = PBXFileReference; lastKnownFileType = wrapper.framework; name = CoreGraphics.framework; path = System/Library/Frameworks/CoreGraphics.framework; sourceTree = SDKROOT; };
		609800DB18621B79005BDBE3 /* UIKit.framework */ = {isa = PBXFileReference; lastKnownFileType = wrapper.framework; name = UIKit.framework; path = System/Library/Frameworks/UIKit.framework; sourceTree = SDKROOT; };
		609800DF18621B79005BDBE3 /* Lesson10_HW-Info.plist */ = {isa = PBXFileReference; lastKnownFileType = text.plist.xml; path = "Lesson10_HW-Info.plist"; sourceTree = "<group>"; };
		609800E118621B79005BDBE3 /* en */ = {isa = PBXFileReference; lastKnownFileType = text.plist.strings; name = en; path = en.lproj/InfoPlist.strings; sourceTree = "<group>"; };
		609800E318621B79005BDBE3 /* main.m */ = {isa = PBXFileReference; lastKnownFileType = sourcecode.c.objc; path = main.m; sourceTree = "<group>"; };
		609800E518621B79005BDBE3 /* Lesson10_HW-Prefix.pch */ = {isa = PBXFileReference; lastKnownFileType = sourcecode.c.h; path = "Lesson10_HW-Prefix.pch"; sourceTree = "<group>"; };
		609800E618621B79005BDBE3 /* ADAppDelegate.h */ = {isa = PBXFileReference; lastKnownFileType = sourcecode.c.h; path = ADAppDelegate.h; sourceTree = "<group>"; };
		609800E718621B79005BDBE3 /* ADAppDelegate.m */ = {isa = PBXFileReference; lastKnownFileType = sourcecode.c.objc; path = ADAppDelegate.m; sourceTree = "<group>"; };
		609800E918621B79005BDBE3 /* Images.xcassets */ = {isa = PBXFileReference; lastKnownFileType = folder.assetcatalog; path = Images.xcassets; sourceTree = "<group>"; };
		609800EF18621B79005BDBE3 /* Lesson10_HWTests.xctest */ = {isa = PBXFileReference; explicitFileType = wrapper.cfbundle; includeInIndex = 0; path = Lesson10_HWTests.xctest; sourceTree = BUILT_PRODUCTS_DIR; };
		609800F018621B79005BDBE3 /* XCTest.framework */ = {isa = PBXFileReference; lastKnownFileType = wrapper.framework; name = XCTest.framework; path = Library/Frameworks/XCTest.framework; sourceTree = DEVELOPER_DIR; };
		609800F818621B79005BDBE3 /* Lesson10_HWTests-Info.plist */ = {isa = PBXFileReference; lastKnownFileType = text.plist.xml; path = "Lesson10_HWTests-Info.plist"; sourceTree = "<group>"; };
		609800FA18621B79005BDBE3 /* en */ = {isa = PBXFileReference; lastKnownFileType = text.plist.strings; name = en; path = en.lproj/InfoPlist.strings; sourceTree = "<group>"; };
		609800FC18621B79005BDBE3 /* Lesson10_HWTests.m */ = {isa = PBXFileReference; lastKnownFileType = sourcecode.c.objc; path = Lesson10_HWTests.m; sourceTree = "<group>"; };
		6098010618621BA7005BDBE3 /* ADDoctor.h */ = {isa = PBXFileReference; fileEncoding = 4; lastKnownFileType = sourcecode.c.h; path = ADDoctor.h; sourceTree = "<group>"; };
		6098010718621BA7005BDBE3 /* ADDoctor.m */ = {isa = PBXFileReference; fileEncoding = 4; lastKnownFileType = sourcecode.c.objc; path = ADDoctor.m; sourceTree = "<group>"; };
		6098010918621BCA005BDBE3 /* ADBusinessman.h */ = {isa = PBXFileReference; fileEncoding = 4; lastKnownFileType = sourcecode.c.h; path = ADBusinessman.h; sourceTree = "<group>"; };
		6098010A18621BCA005BDBE3 /* ADBusinessman.m */ = {isa = PBXFileReference; fileEncoding = 4; lastKnownFileType = sourcecode.c.objc; path = ADBusinessman.m; sourceTree = "<group>"; };
		6098010C18621BE2005BDBE3 /* ADPensioner.h */ = {isa = PBXFileReference; fileEncoding = 4; lastKnownFileType = sourcecode.c.h; path = ADPensioner.h; sourceTree = "<group>"; };
		6098010D18621BE2005BDBE3 /* ADPensioner.m */ = {isa = PBXFileReference; fileEncoding = 4; lastKnownFileType = sourcecode.c.objc; path = ADPensioner.m; sourceTree = "<group>"; };
		6098010F18621BF6005BDBE3 /* ADGovernment.h */ = {isa = PBXFileReference; fileEncoding = 4; lastKnownFileType = sourcecode.c.h; path = ADGovernment.h; sourceTree = "<group>"; };
		6098011018621BF6005BDBE3 /* ADGovernment.m */ = {isa = PBXFileReference; fileEncoding = 4; lastKnownFileType = sourcecode.c.objc; path = ADGovernment.m; sourceTree = "<group>"; };
		6098011218623E50005BDBE3 /* ADFakeDelegate.h */ = {isa = PBXFileReference; fileEncoding = 4; lastKnownFileType = sourcecode.c.h; path = ADFakeDelegate.h; sourceTree = "<group>"; };
		6098011318623E50005BDBE3 /* ADFakeDelegate.m */ = {isa = PBXFileReference; fileEncoding = 4; lastKnownFileType = sourcecode.c.objc; path = ADFakeDelegate.m; sourceTree = "<group>"; };
		6098011518624287005BDBE3 /* ADFakeAppDelegate.h */ = {isa = PBXFileReference; fileEncoding = 4; lastKnownFileType = sourcecode.c.h; path = ADFakeAppDelegate.h; sourceTree = "<group>"; };
		6098011618624287005BDBE3 /* ADFakeAppDelegate.m */ = {isa = PBXFileReference; fileEncoding = 4; lastKnownFileType = sourcecode.c.objc; path = ADFakeAppDelegate.m; sourceTree = "<group>"; };
/* End PBXFileReference section */

/* Begin PBXFrameworksBuildPhase section */
		609800D118621B78005BDBE3 /* Frameworks */ = {
			isa = PBXFrameworksBuildPhase;
			buildActionMask = 2147483647;
			files = (
				609800DA18621B78005BDBE3 /* CoreGraphics.framework in Frameworks */,
				609800DC18621B79005BDBE3 /* UIKit.framework in Frameworks */,
				609800D818621B78005BDBE3 /* Foundation.framework in Frameworks */,
			);
			runOnlyForDeploymentPostprocessing = 0;
		};
		609800EC18621B79005BDBE3 /* Frameworks */ = {
			isa = PBXFrameworksBuildPhase;
			buildActionMask = 2147483647;
			files = (
				609800F118621B79005BDBE3 /* XCTest.framework in Frameworks */,
				609800F318621B79005BDBE3 /* UIKit.framework in Frameworks */,
				609800F218621B79005BDBE3 /* Foundation.framework in Frameworks */,
			);
			runOnlyForDeploymentPostprocessing = 0;
		};
/* End PBXFrameworksBuildPhase section */

/* Begin PBXGroup section */
		609800CB18621B78005BDBE3 = {
			isa = PBXGroup;
			children = (
				609800DD18621B79005BDBE3 /* Lesson10_HW */,
				609800F618621B79005BDBE3 /* Lesson10_HWTests */,
				609800D618621B78005BDBE3 /* Frameworks */,
				609800D518621B78005BDBE3 /* Products */,
			);
			sourceTree = "<group>";
		};
		609800D518621B78005BDBE3 /* Products */ = {
			isa = PBXGroup;
			children = (
				609800D418621B78005BDBE3 /* Lesson10_HW.app */,
				609800EF18621B79005BDBE3 /* Lesson10_HWTests.xctest */,
			);
			name = Products;
			sourceTree = "<group>";
		};
		609800D618621B78005BDBE3 /* Frameworks */ = {
			isa = PBXGroup;
			children = (
				609800D718621B78005BDBE3 /* Foundation.framework */,
				609800D918621B78005BDBE3 /* CoreGraphics.framework */,
				609800DB18621B79005BDBE3 /* UIKit.framework */,
				609800F018621B79005BDBE3 /* XCTest.framework */,
			);
			name = Frameworks;
			sourceTree = "<group>";
		};
		609800DD18621B79005BDBE3 /* Lesson10_HW */ = {
			isa = PBXGroup;
			children = (
				609800E618621B79005BDBE3 /* ADAppDelegate.h */,
				609800E718621B79005BDBE3 /* ADAppDelegate.m */,
				6098011218623E50005BDBE3 /* ADFakeDelegate.h */,
				6098011318623E50005BDBE3 /* ADFakeDelegate.m */,
				6098011518624287005BDBE3 /* ADFakeAppDelegate.h */,
				6098011618624287005BDBE3 /* ADFakeAppDelegate.m */,
				6098010F18621BF6005BDBE3 /* ADGovernment.h */,
				6098011018621BF6005BDBE3 /* ADGovernment.m */,
				6098010618621BA7005BDBE3 /* ADDoctor.h */,
				6098010718621BA7005BDBE3 /* ADDoctor.m */,
				6098010918621BCA005BDBE3 /* ADBusinessman.h */,
				6098010A18621BCA005BDBE3 /* ADBusinessman.m */,
				6098010C18621BE2005BDBE3 /* ADPensioner.h */,
				6098010D18621BE2005BDBE3 /* ADPensioner.m */,
				609800E918621B79005BDBE3 /* Images.xcassets */,
				609800DE18621B79005BDBE3 /* Supporting Files */,
			);
			path = Lesson10_HW;
			sourceTree = "<group>";
		};
		609800DE18621B79005BDBE3 /* Supporting Files */ = {
			isa = PBXGroup;
			children = (
				609800DF18621B79005BDBE3 /* Lesson10_HW-Info.plist */,
				609800E018621B79005BDBE3 /* InfoPlist.strings */,
				609800E318621B79005BDBE3 /* main.m */,
				609800E518621B79005BDBE3 /* Lesson10_HW-Prefix.pch */,
			);
			name = "Supporting Files";
			sourceTree = "<group>";
		};
		609800F618621B79005BDBE3 /* Lesson10_HWTests */ = {
			isa = PBXGroup;
			children = (
				609800FC18621B79005BDBE3 /* Lesson10_HWTests.m */,
				609800F718621B79005BDBE3 /* Supporting Files */,
			);
			path = Lesson10_HWTests;
			sourceTree = "<group>";
		};
		609800F718621B79005BDBE3 /* Supporting Files */ = {
			isa = PBXGroup;
			children = (
				609800F818621B79005BDBE3 /* Lesson10_HWTests-Info.plist */,
				609800F918621B79005BDBE3 /* InfoPlist.strings */,
			);
			name = "Supporting Files";
			sourceTree = "<group>";
		};
/* End PBXGroup section */

/* Begin PBXNativeTarget section */
		609800D318621B78005BDBE3 /* Lesson10_HW */ = {
			isa = PBXNativeTarget;
			buildConfigurationList = 6098010018621B79005BDBE3 /* Build configuration list for PBXNativeTarget "Lesson10_HW" */;
			buildPhases = (
				609800D018621B78005BDBE3 /* Sources */,
				609800D118621B78005BDBE3 /* Frameworks */,
				609800D218621B78005BDBE3 /* Resources */,
			);
			buildRules = (
			);
			dependencies = (
			);
			name = Lesson10_HW;
			productName = Lesson10_HW;
			productReference = 609800D418621B78005BDBE3 /* Lesson10_HW.app */;
			productType = "com.apple.product-type.application";
		};
		609800EE18621B79005BDBE3 /* Lesson10_HWTests */ = {
			isa = PBXNativeTarget;
			buildConfigurationList = 6098010318621B79005BDBE3 /* Build configuration list for PBXNativeTarget "Lesson10_HWTests" */;
			buildPhases = (
				609800EB18621B79005BDBE3 /* Sources */,
				609800EC18621B79005BDBE3 /* Frameworks */,
				609800ED18621B79005BDBE3 /* Resources */,
			);
			buildRules = (
			);
			dependencies = (
				609800F518621B79005BDBE3 /* PBXTargetDependency */,
			);
			name = Lesson10_HWTests;
			productName = Lesson10_HWTests;
			productReference = 609800EF18621B79005BDBE3 /* Lesson10_HWTests.xctest */;
			productType = "com.apple.product-type.bundle.unit-test";
		};
/* End PBXNativeTarget section */

/* Begin PBXProject section */
		609800CC18621B78005BDBE3 /* Project object */ = {
			isa = PBXProject;
			attributes = {
				CLASSPREFIX = AD;
				LastUpgradeCheck = 0610;
				ORGANIZATIONNAME = AD;
				TargetAttributes = {
					609800EE18621B79005BDBE3 = {
						TestTargetID = 609800D318621B78005BDBE3;
					};
				};
			};
			buildConfigurationList = 609800CF18621B78005BDBE3 /* Build configuration list for PBXProject "Lesson10_HW" */;
			compatibilityVersion = "Xcode 3.2";
			developmentRegion = English;
			hasScannedForEncodings = 0;
			knownRegions = (
				en,
			);
			mainGroup = 609800CB18621B78005BDBE3;
			productRefGroup = 609800D518621B78005BDBE3 /* Products */;
			projectDirPath = "";
			projectRoot = "";
			targets = (
				609800D318621B78005BDBE3 /* Lesson10_HW */,
				609800EE18621B79005BDBE3 /* Lesson10_HWTests */,
			);
		};
/* End PBXProject section */

/* Begin PBXResourcesBuildPhase section */
		609800D218621B78005BDBE3 /* Resources */ = {
			isa = PBXResourcesBuildPhase;
			buildActionMask = 2147483647;
			files = (
				609800E218621B79005BDBE3 /* InfoPlist.strings in Resources */,
				609800EA18621B79005BDBE3 /* Images.xcassets in Resources */,
			);
			runOnlyForDeploymentPostprocessing = 0;
		};
		609800ED18621B79005BDBE3 /* Resources */ = {
			isa = PBXResourcesBuildPhase;
			buildActionMask = 2147483647;
			files = (
				609800FB18621B79005BDBE3 /* InfoPlist.strings in Resources */,
			);
			runOnlyForDeploymentPostprocessing = 0;
		};
/* End PBXResourcesBuildPhase section */

/* Begin PBXSourcesBuildPhase section */
		609800D018621B78005BDBE3 /* Sources */ = {
			isa = PBXSourcesBuildPhase;
			buildActionMask = 2147483647;
			files = (
				609800E418621B79005BDBE3 /* main.m in Sources */,
				6098010818621BA7005BDBE3 /* ADDoctor.m in Sources */,
				609800E818621B79005BDBE3 /* ADAppDelegate.m in Sources */,
				6098011118621BF6005BDBE3 /* ADGovernment.m in Sources */,
				6098010E18621BE2005BDBE3 /* ADPensioner.m in Sources */,
				6098010B18621BCA005BDBE3 /* ADBusinessman.m in Sources */,
				6098011718624287005BDBE3 /* ADFakeAppDelegate.m in Sources */,
				6098011418623E50005BDBE3 /* ADFakeDelegate.m in Sources */,
			);
			runOnlyForDeploymentPostprocessing = 0;
		};
		609800EB18621B79005BDBE3 /* Sources */ = {
			isa = PBXSourcesBuildPhase;
			buildActionMask = 2147483647;
			files = (
				609800FD18621B79005BDBE3 /* Lesson10_HWTests.m in Sources */,
			);
			runOnlyForDeploymentPostprocessing = 0;
		};
/* End PBXSourcesBuildPhase section */

/* Begin PBXTargetDependency section */
		609800F518621B79005BDBE3 /* PBXTargetDependency */ = {
			isa = PBXTargetDependency;
			target = 609800D318621B78005BDBE3 /* Lesson10_HW */;
			targetProxy = 609800F418621B79005BDBE3 /* PBXContainerItemProxy */;
		};
/* End PBXTargetDependency section */

/* Begin PBXVariantGroup section */
		609800E018621B79005BDBE3 /* InfoPlist.strings */ = {
			isa = PBXVariantGroup;
			children = (
				609800E118621B79005BDBE3 /* en */,
			);
			name = InfoPlist.strings;
			sourceTree = "<group>";
		};
		609800F918621B79005BDBE3 /* InfoPlist.strings */ = {
			isa = PBXVariantGroup;
			children = (
				609800FA18621B79005BDBE3 /* en */,
			);
			name = InfoPlist.strings;
			sourceTree = "<group>";
		};
/* End PBXVariantGroup section */

/* Begin XCBuildConfiguration section */
		609800FE18621B79005BDBE3 /* Debug */ = {
			isa = XCBuildConfiguration;
			buildSettings = {
				ALWAYS_SEARCH_USER_PATHS = NO;
				CLANG_CXX_LANGUAGE_STANDARD = "gnu++0x";
				CLANG_CXX_LIBRARY = "libc++";
				CLANG_ENABLE_MODULES = YES;
				CLANG_ENABLE_OBJC_ARC = YES;
				CLANG_WARN_BOOL_CONVERSION = YES;
				CLANG_WARN_CONSTANT_CONVERSION = YES;
				CLANG_WARN_DIRECT_OBJC_ISA_USAGE = YES_ERROR;
				CLANG_WARN_EMPTY_BODY = YES;
				CLANG_WARN_ENUM_CONVERSION = YES;
				CLANG_WARN_INT_CONVERSION = YES;
				CLANG_WARN_OBJC_ROOT_CLASS = YES_ERROR;
				CLANG_WARN__DUPLICATE_METHOD_MATCH = YES;
				"CODE_SIGN_IDENTITY[sdk=iphoneos*]" = "iPhone Developer";
				COPY_PHASE_STRIP = NO;
				GCC_C_LANGUAGE_STANDARD = gnu99;
				GCC_DYNAMIC_NO_PIC = NO;
				GCC_OPTIMIZATION_LEVEL = 0;
				GCC_PREPROCESSOR_DEFINITIONS = (
					"DEBUG=1",
					"$(inherited)",
				);
				GCC_SYMBOLS_PRIVATE_EXTERN = NO;
				GCC_WARN_64_TO_32_BIT_CONVERSION = YES;
				GCC_WARN_ABOUT_RETURN_TYPE = YES_ERROR;
				GCC_WARN_UNDECLARED_SELECTOR = YES;
				GCC_WARN_UNINITIALIZED_AUTOS = YES;
				GCC_WARN_UNUSED_FUNCTION = YES;
				GCC_WARN_UNUSED_VARIABLE = YES;
				IPHONEOS_DEPLOYMENT_TARGET = 7.0;
				ONLY_ACTIVE_ARCH = YES;
				SDKROOT = iphoneos;
			};
			name = Debug;
		};
		609800FF18621B79005BDBE3 /* Release */ = {
			isa = XCBuildConfiguration;
			buildSettings = {
				ALWAYS_SEARCH_USER_PATHS = NO;
				CLANG_CXX_LANGUAGE_STANDARD = "gnu++0x";
				CLANG_CXX_LIBRARY = "libc++";
				CLANG_ENABLE_MODULES = YES;
				CLANG_ENABLE_OBJC_ARC = YES;
				CLANG_WARN_BOOL_CONVERSION = YES;
				CLANG_WARN_CONSTANT_CONVERSION = YES;
				CLANG_WARN_DIRECT_OBJC_ISA_USAGE = YES_ERROR;
				CLANG_WARN_EMPTY_BODY = YES;
				CLANG_WARN_ENUM_CONVERSION = YES;
				CLANG_WARN_INT_CONVERSION = YES;
				CLANG_WARN_OBJC_ROOT_CLASS = YES_ERROR;
				CLANG_WARN__DUPLICATE_METHOD_MATCH = YES;
				"CODE_SIGN_IDENTITY[sdk=iphoneos*]" = "iPhone Developer";
				COPY_PHASE_STRIP = YES;
				ENABLE_NS_ASSERTIONS = NO;
				GCC_C_LANGUAGE_STANDARD = gnu99;
				GCC_WARN_64_TO_32_BIT_CONVERSION = YES;
				GCC_WARN_ABOUT_RETURN_TYPE = YES_ERROR;
				GCC_WARN_UNDECLARED_SELECTOR = YES;
				GCC_WARN_UNINITIALIZED_AUTOS = YES;
				GCC_WARN_UNUSED_FUNCTION = YES;
				GCC_WARN_UNUSED_VARIABLE = YES;
				IPHONEOS_DEPLOYMENT_TARGET = 7.0;
				SDKROOT = iphoneos;
				VALIDATE_PRODUCT = YES;
			};
			name = Release;
		};
		6098010118621B79005BDBE3 /* Debug */ = {
			isa = XCBuildConfiguration;
			buildSettings = {
				ASSETCATALOG_COMPILER_APPICON_NAME = AppIcon;
				ASSETCATALOG_COMPILER_LAUNCHIMAGE_NAME = LaunchImage;
				GCC_PRECOMPILE_PREFIX_HEADER = YES;
				GCC_PREFIX_HEADER = "Lesson10_HW/Lesson10_HW-Prefix.pch";
				INFOPLIST_FILE = "Lesson10_HW/Lesson10_HW-Info.plist";
				PRODUCT_NAME = "$(TARGET_NAME)";
				WRAPPER_EXTENSION = app;
			};
			name = Debug;
		};
		6098010218621B79005BDBE3 /* Release */ = {
			isa = XCBuildConfiguration;
			buildSettings = {
				ASSETCATALOG_COMPILER_APPICON_NAME = AppIcon;
				ASSETCATALOG_COMPILER_LAUNCHIMAGE_NAME = LaunchImage;
				GCC_PRECOMPILE_PREFIX_HEADER = YES;
				GCC_PREFIX_HEADER = "Lesson10_HW/Lesson10_HW-Prefix.pch";
				INFOPLIST_FILE = "Lesson10_HW/Lesson10_HW-Info.plist";
				PRODUCT_NAME = "$(TARGET_NAME)";
				WRAPPER_EXTENSION = app;
			};
			name = Release;
		};
		6098010418621B79005BDBE3 /* Debug */ = {
			isa = XCBuildConfiguration;
			buildSettings = {
				BUNDLE_LOADER = "$(BUILT_PRODUCTS_DIR)/Lesson10_HW.app/Lesson10_HW";
				FRAMEWORK_SEARCH_PATHS = (
					"$(SDKROOT)/Developer/Library/Frameworks",
					"$(inherited)",
					"$(DEVELOPER_FRAMEWORKS_DIR)",
				);
				GCC_PRECOMPILE_PREFIX_HEADER = YES;
				GCC_PREFIX_HEADER = "Lesson10_HW/Lesson10_HW-Prefix.pch";
				GCC_PREPROCESSOR_DEFINITIONS = (
					"DEBUG=1",
					"$(inherited)",
				);
				INFOPLIST_FILE = "Lesson10_HWTests/Lesson10_HWTests-Info.plist";
				PRODUCT_NAME = "$(TARGET_NAME)";
				TEST_HOST = "$(BUNDLE_LOADER)";
				WRAPPER_EXTENSION = xctest;
			};
			name = Debug;
		};
		6098010518621B79005BDBE3 /* Release */ = {
			isa = XCBuildConfiguration;
			buildSettings = {
				BUNDLE_LOADER = "$(BUILT_PRODUCTS_DIR)/Lesson10_HW.app/Lesson10_HW";
				FRAMEWORK_SEARCH_PATHS = (
					"$(SDKROOT)/Developer/Library/Frameworks",
					"$(inherited)",
					"$(DEVELOPER_FRAMEWORKS_DIR)",
				);
				GCC_PRECOMPILE_PREFIX_HEADER = YES;
				GCC_PREFIX_HEADER = "Lesson10_HW/Lesson10_HW-Prefix.pch";
				INFOPLIST_FILE = "Lesson10_HWTests/Lesson10_HWTests-Info.plist";
				PRODUCT_NAME = "$(TARGET_NAME)";
				TEST_HOST = "$(BUNDLE_LOADER)";
				WRAPPER_EXTENSION = xctest;
			};
			name = Release;
		};
/* End XCBuildConfiguration section */

/* Begin XCConfigurationList section */
		609800CF18621B78005BDBE3 /* Build configuration list for PBXProject "Lesson10_HW" */ = {
			isa = XCConfigurationList;
			buildConfigurations = (
				609800FE18621B79005BDBE3 /* Debug */,
				609800FF18621B79005BDBE3 /* Release */,
			);
			defaultConfigurationIsVisible = 0;
			defaultConfigurationName = Release;
		};
		6098010018621B79005BDBE3 /* Build configuration list for PBXNativeTarget "Lesson10_HW" */ = {
			isa = XCConfigurationList;
			buildConfigurations = (
				6098010118621B79005BDBE3 /* Debug */,
				6098010218621B79005BDBE3 /* Release */,
			);
			defaultConfigurationIsVisible = 0;
			defaultConfigurationName = Release;
		};
		6098010318621B79005BDBE3 /* Build configuration list for PBXNativeTarget "Lesson10_HWTests" */ = {
			isa = XCConfigurationList;
			buildConfigurations = (
				6098010418621B79005BDBE3 /* Debug */,
				6098010518621B79005BDBE3 /* Release */,
			);
			defaultConfigurationIsVisible = 0;
			defaultConfigurationName = Release;
		};
/* End XCConfigurationList section */
	};
	rootObject = 609800CC18621B78005BDBE3 /* Project object */;
}
